
Microsoft Visual Studio Solution File, Format Version 12.00
# Visual Studio Version 17
VisualStudioVersion = 17.8.34408.163
MinimumVisualStudioVersion = 10.0.40219.1
Project("{2150E333-8FDC-42A3-9474-1A3956D46DE8}") = "src", "src", "{E8BCC705-53AA-485E-BDB7-2D2D268D32D6}"
EndProject
Project("{2150E333-8FDC-42A3-9474-1A3956D46DE8}") = "Core", "Core", "{6DA5607E-D1F9-4A6C-B5F5-08FD4CCAFFB8}"
EndProject
Project("{2150E333-8FDC-42A3-9474-1A3956D46DE8}") = "Infrastructure", "Infrastructure", "{9E180205-D396-4C74-8194-28252614A003}"
EndProject
Project("{2150E333-8FDC-42A3-9474-1A3956D46DE8}") = "Presentation", "Presentation", "{3498C7BD-FB38-446E-B4B0-E81B65A598DA}"
EndProject
Project("{FAE04EC0-301F-11D3-BF4B-00C04F79EFBC}") = "Application", "Application\Application.csproj", "{2B2BFD4B-F8AC-408A-9D1C-EF47CC13EED4}"
	ProjectSection(ProjectDependencies) = postProject
		{2550339B-DCB2-441D-A097-815DFB7E7D5C} = {2550339B-DCB2-441D-A097-815DFB7E7D5C}
	EndProjectSection
EndProject
Project("{FAE04EC0-301F-11D3-BF4B-00C04F79EFBC}") = "Domain", "Domain\Domain.csproj", "{2550339B-DCB2-441D-A097-815DFB7E7D5C}"
EndProject
Project("{FAE04EC0-301F-11D3-BF4B-00C04F79EFBC}") = "Persistence", "Persistence\Persistence.csproj", "{296EF867-7868-4AE5-9050-6FEBBBBD0DF9}"
	ProjectSection(ProjectDependencies) = postProject
		{2550339B-DCB2-441D-A097-815DFB7E7D5C} = {2550339B-DCB2-441D-A097-815DFB7E7D5C}
		{2B2BFD4B-F8AC-408A-9D1C-EF47CC13EED4} = {2B2BFD4B-F8AC-408A-9D1C-EF47CC13EED4}
	EndProjectSection
EndProject
Project("{FAE04EC0-301F-11D3-BF4B-00C04F79EFBC}") = "WebAPI", "WebAPI\WebAPI.csproj", "{58AAA3AF-2B96-49BB-AA48-8D4CCA47F7AB}"
	ProjectSection(ProjectDependencies) = postProject
		{296EF867-7868-4AE5-9050-6FEBBBBD0DF9} = {296EF867-7868-4AE5-9050-6FEBBBBD0DF9}
		{2B2BFD4B-F8AC-408A-9D1C-EF47CC13EED4} = {2B2BFD4B-F8AC-408A-9D1C-EF47CC13EED4}
	EndProjectSection
EndProject
Project("{FAE04EC0-301F-11D3-BF4B-00C04F79EFBC}") = "WorkerService", "WorkerService\WorkerService.csproj", "{CD2D9219-D9CC-4D23-8279-7F5C5E18DD6D}"
	ProjectSection(ProjectDependencies) = postProject
		{F73E1CBB-D5B3-4DC3-8DFA-F8CFF2B1DC7D} = {F73E1CBB-D5B3-4DC3-8DFA-F8CFF2B1DC7D}
	EndProjectSection
EndProject
Project("{FAE04EC0-301F-11D3-BF4B-00C04F79EFBC}") = "BackgroundJobs", "BackgroundJobs\BackgroundJobs.csproj", "{F73E1CBB-D5B3-4DC3-8DFA-F8CFF2B1DC7D}"
	ProjectSection(ProjectDependencies) = postProject
		{2550339B-DCB2-441D-A097-815DFB7E7D5C} = {2550339B-DCB2-441D-A097-815DFB7E7D5C}
		{296EF867-7868-4AE5-9050-6FEBBBBD0DF9} = {296EF867-7868-4AE5-9050-6FEBBBBD0DF9}
		{2B2BFD4B-F8AC-408A-9D1C-EF47CC13EED4} = {2B2BFD4B-F8AC-408A-9D1C-EF47CC13EED4}
	EndProjectSection
EndProject
Global
	GlobalSection(SolutionConfigurationPlatforms) = preSolution
		Debug|Any CPU = Debug|Any CPU
		Release|Any CPU = Release|Any CPU
	EndGlobalSection
	GlobalSection(ProjectConfigurationPlatforms) = postSolution
		{2B2BFD4B-F8AC-408A-9D1C-EF47CC13EED4}.Debug|Any CPU.ActiveCfg = Debug|Any CPU
		{2B2BFD4B-F8AC-408A-9D1C-EF47CC13EED4}.Debug|Any CPU.Build.0 = Debug|Any CPU
		{2B2BFD4B-F8AC-408A-9D1C-EF47CC13EED4}.Release|Any CPU.ActiveCfg = Release|Any CPU
		{2B2BFD4B-F8AC-408A-9D1C-EF47CC13EED4}.Release|Any CPU.Build.0 = Release|Any CPU
		{2550339B-DCB2-441D-A097-815DFB7E7D5C}.Debug|Any CPU.ActiveCfg = Debug|Any CPU
		{2550339B-DCB2-441D-A097-815DFB7E7D5C}.Debug|Any CPU.Build.0 = Debug|Any CPU
		{2550339B-DCB2-441D-A097-815DFB7E7D5C}.Release|Any CPU.ActiveCfg = Release|Any CPU
		{2550339B-DCB2-441D-A097-815DFB7E7D5C}.Release|Any CPU.Build.0 = Release|Any CPU
		{296EF867-7868-4AE5-9050-6FEBBBBD0DF9}.Debug|Any CPU.ActiveCfg = Debug|Any CPU
		{296EF867-7868-4AE5-9050-6FEBBBBD0DF9}.Debug|Any CPU.Build.0 = Debug|Any CPU
		{296EF867-7868-4AE5-9050-6FEBBBBD0DF9}.Release|Any CPU.ActiveCfg = Release|Any CPU
		{296EF867-7868-4AE5-9050-6FEBBBBD0DF9}.Release|Any CPU.Build.0 = Release|Any CPU
		{58AAA3AF-2B96-49BB-AA48-8D4CCA47F7AB}.Debug|Any CPU.ActiveCfg = Debug|Any CPU
		{58AAA3AF-2B96-49BB-AA48-8D4CCA47F7AB}.Debug|Any CPU.Build.0 = Debug|Any CPU
		{58AAA3AF-2B96-49BB-AA48-8D4CCA47F7AB}.Release|Any CPU.ActiveCfg = Release|Any CPU
		{58AAA3AF-2B96-49BB-AA48-8D4CCA47F7AB}.Release|Any CPU.Build.0 = Release|Any CPU
		{CD2D9219-D9CC-4D23-8279-7F5C5E18DD6D}.Debug|Any CPU.ActiveCfg = Debug|Any CPU
		{CD2D9219-D9CC-4D23-8279-7F5C5E18DD6D}.Debug|Any CPU.Build.0 = Debug|Any CPU
		{CD2D9219-D9CC-4D23-8279-7F5C5E18DD6D}.Release|Any CPU.ActiveCfg = Release|Any CPU
		{CD2D9219-D9CC-4D23-8279-7F5C5E18DD6D}.Release|Any CPU.Build.0 = Release|Any CPU
		{F73E1CBB-D5B3-4DC3-8DFA-F8CFF2B1DC7D}.Debug|Any CPU.ActiveCfg = Debug|Any CPU
		{F73E1CBB-D5B3-4DC3-8DFA-F8CFF2B1DC7D}.Debug|Any CPU.Build.0 = Debug|Any CPU
		{F73E1CBB-D5B3-4DC3-8DFA-F8CFF2B1DC7D}.Release|Any CPU.ActiveCfg = Release|Any CPU
		{F73E1CBB-D5B3-4DC3-8DFA-F8CFF2B1DC7D}.Release|Any CPU.Build.0 = Release|Any CPU
	EndGlobalSection
	GlobalSection(SolutionProperties) = preSolution
		HideSolutionNode = FALSE
	EndGlobalSection
	GlobalSection(NestedProjects) = preSolution
		{6DA5607E-D1F9-4A6C-B5F5-08FD4CCAFFB8} = {E8BCC705-53AA-485E-BDB7-2D2D268D32D6}
		{9E180205-D396-4C74-8194-28252614A003} = {E8BCC705-53AA-485E-BDB7-2D2D268D32D6}
		{3498C7BD-FB38-446E-B4B0-E81B65A598DA} = {E8BCC705-53AA-485E-BDB7-2D2D268D32D6}
		{2B2BFD4B-F8AC-408A-9D1C-EF47CC13EED4} = {6DA5607E-D1F9-4A6C-B5F5-08FD4CCAFFB8}
		{2550339B-DCB2-441D-A097-815DFB7E7D5C} = {6DA5607E-D1F9-4A6C-B5F5-08FD4CCAFFB8}
		{296EF867-7868-4AE5-9050-6FEBBBBD0DF9} = {9E180205-D396-4C74-8194-28252614A003}
		{58AAA3AF-2B96-49BB-AA48-8D4CCA47F7AB} = {3498C7BD-FB38-446E-B4B0-E81B65A598DA}
		{CD2D9219-D9CC-4D23-8279-7F5C5E18DD6D} = {3498C7BD-FB38-446E-B4B0-E81B65A598DA}
		{F73E1CBB-D5B3-4DC3-8DFA-F8CFF2B1DC7D} = {9E180205-D396-4C74-8194-28252614A003}
	EndGlobalSection
	GlobalSection(ExtensibilityGlobals) = postSolution
		SolutionGuid = {AE3FA099-A08D-45E7-9246-37365FC956A2}
	EndGlobalSection
EndGlobal
